
Microsoft Visual Studio Solution File, Format Version 12.00
# Visual Studio Version 16
VisualStudioVersion = 16.0.31313.79
MinimumVisualStudioVersion = 10.0.40219.1
Project("{FAE04EC0-301F-11D3-BF4B-00C04F79EFBC}") = "Controlador", "Controlador.csproj", "{3D21693C-D97B-47CB-8F5B-1D3CBF16383F}"
EndProject
Global
	GlobalSection(SolutionConfigurationPlatforms) = preSolution
		Debug|Any CPU = Debug|Any CPU
		Release|Any CPU = Release|Any CPU
	EndGlobalSection
	GlobalSection(ProjectConfigurationPlatforms) = postSolution
		{3D21693C-D97B-47CB-8F5B-1D3CBF16383F}.Debug|Any CPU.ActiveCfg = Debug|Any CPU
		{3D21693C-D97B-47CB-8F5B-1D3CBF16383F}.Debug|Any CPU.Build.0 = Debug|Any CPU
		{3D21693C-D97B-47CB-8F5B-1D3CBF16383F}.Release|Any CPU.ActiveCfg = Release|Any CPU
		{3D21693C-D97B-47CB-8F5B-1D3CBF16383F}.Release|Any CPU.Build.0 = Release|Any CPU
	EndGlobalSection
	GlobalSection(SolutionProperties) = preSolution
		HideSolutionNode = FALSE
	EndGlobalSection
	GlobalSection(ExtensibilityGlobals) = postSolution
		SolutionGuid = {E1138AC8-82CB-4AB7-8B1E-B4EBA053177D}
	EndGlobalSection
EndGlobal
